<?xml version="1.0" encoding="UTF-8"?>
<CodeBlocks_project_file>
	<FileVersion major="1" minor="6"/>
	<Project>
		<Option title="image-recogntion"/>
		<Option makefile_is_custom="1"/>
		<Option compiler="gcc"/>
		<Option virtualFolders="CMake Files\;CMake Files\..\;CMake Files\..\..\;CMake Files\..\..\..\;CMake Files\..\..\..\..\;CMake Files\..\..\..\..\..\;CMake Files\..\..\..\..\..\..\;CMake Files\..\..\..\..\..\..\..\;CMake Files\..\..\..\..\..\..\..\usr\;CMake Files\..\..\..\..\..\..\..\usr\lib64\;CMake Files\..\..\..\..\..\..\..\usr\lib64\cmake\;CMake Files\..\..\..\..\..\..\..\usr\lib64\cmake\Torch\;CMake Files\..\..\..\..\..\..\..\usr\lib64\cmake\Caffe2\;CMake Files\..\..\..\..\..\..\..\usr\lib64\cmake\Caffe2\public\;CMake Files\..\..\..\..\..\..\..\usr\lib64\cmake\Caffe2\Modules_CUDA_fix\;CMake Files\..\..\..\..\..\..\..\usr\lib64\cmake\Caffe2\Modules_CUDA_fix\upstream\;CMake Files\..\..\..\..\..\..\..\usr\lib64\cmake\Caffe2\Modules_CUDA_fix\upstream\FindCUDA\;CMake Files\..\..\..\..\..\..\..\usr\lib64\cmake\gflags\;CMake Files\..\..\..\..\..\..\..\usr\lib64\cmake\glog\;CMake Files\..\..\..\..\..\..\..\usr\lib64\cmake\mkldnn\;CMake Files\..\..\..\..\..\..\..\usr\lib64\cmake\opencv4\;CMake Files\cmake-build-debug\;CMake Files\benchmarks\;CMake Files\benchmarks\resnet50\;"/>
		<Build>
			<Target title="all">
				<Option working_dir="/home/luke/ethz/master/thesis/msc-lutobler-gpuless/src/benchmarks/resnet50"/>
				<Option type="4"/>
				<MakeCommands>
					<Build command="/usr/bin/make -j8 -f &quot;/home/luke/ethz/master/thesis/msc-lutobler-gpuless/src/benchmarks/resnet50/Makefile&quot;  VERBOSE=1 all"/>
					<CompileFile command="/usr/bin/make -j8 -f &quot;/home/luke/ethz/master/thesis/msc-lutobler-gpuless/src/benchmarks/resnet50/Makefile&quot;  VERBOSE=1 &quot;$file&quot;"/>
					<Clean command="/usr/bin/make -j8 -f &quot;/home/luke/ethz/master/thesis/msc-lutobler-gpuless/src/benchmarks/resnet50/Makefile&quot;  VERBOSE=1 clean"/>
					<DistClean command="/usr/bin/make -j8 -f &quot;/home/luke/ethz/master/thesis/msc-lutobler-gpuless/src/benchmarks/resnet50/Makefile&quot;  VERBOSE=1 clean"/>
				</MakeCommands>
			</Target>
			<Target title="image-recognition">
				<Option output="/home/luke/ethz/master/thesis/msc-lutobler-gpuless/src/benchmarks/resnet50/image-recognition" prefix_auto="0" extension_auto="0"/>
				<Option working_dir="/home/luke/ethz/master/thesis/msc-lutobler-gpuless/src/benchmarks/resnet50"/>
				<Option object_output="./"/>
				<Option type="1"/>
				<Option compiler="gcc"/>
				<Compiler>
					<Add option="-DGFLAGS_IS_A_DLL=0"/>
					<Add directory="/usr/include/opencv4"/>
					<Add directory="/usr/include/torch/csrc/api/include"/>
					<Add directory="/opt/cuda/include"/>
					<Add directory="/usr/lib/gcc/x86_64-pc-linux-gnu/11.1.0/../../../../include/c++/11.1.0"/>
					<Add directory="/usr/lib/gcc/x86_64-pc-linux-gnu/11.1.0/../../../../include/c++/11.1.0/x86_64-pc-linux-gnu"/>
					<Add directory="/usr/lib/gcc/x86_64-pc-linux-gnu/11.1.0/../../../../include/c++/11.1.0/backward"/>
					<Add directory="/usr/lib/gcc/x86_64-pc-linux-gnu/11.1.0/include"/>
					<Add directory="/usr/local/include"/>
					<Add directory="/usr/lib/gcc/x86_64-pc-linux-gnu/11.1.0/include-fixed"/>
					<Add directory="/usr/include"/>
				</Compiler>
				<MakeCommands>
					<Build command="/usr/bin/make -j8 -f &quot;/home/luke/ethz/master/thesis/msc-lutobler-gpuless/src/benchmarks/resnet50/Makefile&quot;  VERBOSE=1 image-recognition"/>
					<CompileFile command="/usr/bin/make -j8 -f &quot;/home/luke/ethz/master/thesis/msc-lutobler-gpuless/src/benchmarks/resnet50/Makefile&quot;  VERBOSE=1 &quot;$file&quot;"/>
					<Clean command="/usr/bin/make -j8 -f &quot;/home/luke/ethz/master/thesis/msc-lutobler-gpuless/src/benchmarks/resnet50/Makefile&quot;  VERBOSE=1 clean"/>
					<DistClean command="/usr/bin/make -j8 -f &quot;/home/luke/ethz/master/thesis/msc-lutobler-gpuless/src/benchmarks/resnet50/Makefile&quot;  VERBOSE=1 clean"/>
				</MakeCommands>
			</Target>
			<Target title="image-recognition/fast">
				<Option output="/home/luke/ethz/master/thesis/msc-lutobler-gpuless/src/benchmarks/resnet50/image-recognition" prefix_auto="0" extension_auto="0"/>
				<Option working_dir="/home/luke/ethz/master/thesis/msc-lutobler-gpuless/src/benchmarks/resnet50"/>
				<Option object_output="./"/>
				<Option type="1"/>
				<Option compiler="gcc"/>
				<Compiler>
					<Add option="-DGFLAGS_IS_A_DLL=0"/>
					<Add directory="/usr/include/opencv4"/>
					<Add directory="/usr/include/torch/csrc/api/include"/>
					<Add directory="/opt/cuda/include"/>
					<Add directory="/usr/lib/gcc/x86_64-pc-linux-gnu/11.1.0/../../../../include/c++/11.1.0"/>
					<Add directory="/usr/lib/gcc/x86_64-pc-linux-gnu/11.1.0/../../../../include/c++/11.1.0/x86_64-pc-linux-gnu"/>
					<Add directory="/usr/lib/gcc/x86_64-pc-linux-gnu/11.1.0/../../../../include/c++/11.1.0/backward"/>
					<Add directory="/usr/lib/gcc/x86_64-pc-linux-gnu/11.1.0/include"/>
					<Add directory="/usr/local/include"/>
					<Add directory="/usr/lib/gcc/x86_64-pc-linux-gnu/11.1.0/include-fixed"/>
					<Add directory="/usr/include"/>
				</Compiler>
				<MakeCommands>
					<Build command="/usr/bin/make -j8 -f &quot;/home/luke/ethz/master/thesis/msc-lutobler-gpuless/src/benchmarks/resnet50/Makefile&quot;  VERBOSE=1 image-recognition/fast"/>
					<CompileFile command="/usr/bin/make -j8 -f &quot;/home/luke/ethz/master/thesis/msc-lutobler-gpuless/src/benchmarks/resnet50/Makefile&quot;  VERBOSE=1 &quot;$file&quot;"/>
					<Clean command="/usr/bin/make -j8 -f &quot;/home/luke/ethz/master/thesis/msc-lutobler-gpuless/src/benchmarks/resnet50/Makefile&quot;  VERBOSE=1 clean"/>
					<DistClean command="/usr/bin/make -j8 -f &quot;/home/luke/ethz/master/thesis/msc-lutobler-gpuless/src/benchmarks/resnet50/Makefile&quot;  VERBOSE=1 clean"/>
				</MakeCommands>
			</Target>
		</Build>
		<Unit filename="/home/luke/ethz/master/thesis/msc-lutobler-gpuless/src/benchmarks/resnet50/image-recognition.cpp">
			<Option target="image-recognition"/>
		</Unit>
		<Unit filename="/home/luke/ethz/master/thesis/msc-lutobler-gpuless/src/CMakeLists.txt">
			<Option virtualFolder="CMake Files\"/>
		</Unit>
		<Unit filename="/home/luke/ethz/master/thesis/msc-lutobler-gpuless/src/../../../../../../../usr/lib64/cmake/Torch/TorchConfig.cmake">
			<Option virtualFolder="CMake Files\..\..\..\..\..\..\..\usr\lib64\cmake\Torch\"/>
		</Unit>
		<Unit filename="/home/luke/ethz/master/thesis/msc-lutobler-gpuless/src/../../../../../../../usr/lib64/cmake/Torch/TorchConfigVersion.cmake">
			<Option virtualFolder="CMake Files\..\..\..\..\..\..\..\usr\lib64\cmake\Torch\"/>
		</Unit>
		<Unit filename="/home/luke/ethz/master/thesis/msc-lutobler-gpuless/src/../../../../../../../usr/lib64/cmake/Caffe2/Caffe2Config.cmake">
			<Option virtualFolder="CMake Files\..\..\..\..\..\..\..\usr\lib64\cmake\Caffe2\"/>
		</Unit>
		<Unit filename="/home/luke/ethz/master/thesis/msc-lutobler-gpuless/src/../../../../../../../usr/lib64/cmake/Caffe2/Caffe2ConfigVersion.cmake">
			<Option virtualFolder="CMake Files\..\..\..\..\..\..\..\usr\lib64\cmake\Caffe2\"/>
		</Unit>
		<Unit filename="/home/luke/ethz/master/thesis/msc-lutobler-gpuless/src/../../../../../../../usr/lib64/cmake/Caffe2/Caffe2Targets-release.cmake">
			<Option virtualFolder="CMake Files\..\..\..\..\..\..\..\usr\lib64\cmake\Caffe2\"/>
		</Unit>
		<Unit filename="/home/luke/ethz/master/thesis/msc-lutobler-gpuless/src/../../../../../../../usr/lib64/cmake/Caffe2/Caffe2Targets.cmake">
			<Option virtualFolder="CMake Files\..\..\..\..\..\..\..\usr\lib64\cmake\Caffe2\"/>
		</Unit>
		<Unit filename="/home/luke/ethz/master/thesis/msc-lutobler-gpuless/src/../../../../../../../usr/lib64/cmake/Caffe2/public/cuda.cmake">
			<Option virtualFolder="CMake Files\..\..\..\..\..\..\..\usr\lib64\cmake\Caffe2\public\"/>
		</Unit>
		<Unit filename="/home/luke/ethz/master/thesis/msc-lutobler-gpuless/src/../../../../../../../usr/lib64/cmake/Caffe2/public/gflags.cmake">
			<Option virtualFolder="CMake Files\..\..\..\..\..\..\..\usr\lib64\cmake\Caffe2\public\"/>
		</Unit>
		<Unit filename="/home/luke/ethz/master/thesis/msc-lutobler-gpuless/src/../../../../../../../usr/lib64/cmake/Caffe2/public/glog.cmake">
			<Option virtualFolder="CMake Files\..\..\..\..\..\..\..\usr\lib64\cmake\Caffe2\public\"/>
		</Unit>
		<Unit filename="/home/luke/ethz/master/thesis/msc-lutobler-gpuless/src/../../../../../../../usr/lib64/cmake/Caffe2/public/mkl.cmake">
			<Option virtualFolder="CMake Files\..\..\..\..\..\..\..\usr\lib64\cmake\Caffe2\public\"/>
		</Unit>
		<Unit filename="/home/luke/ethz/master/thesis/msc-lutobler-gpuless/src/../../../../../../../usr/lib64/cmake/Caffe2/public/mkldnn.cmake">
			<Option virtualFolder="CMake Files\..\..\..\..\..\..\..\usr\lib64\cmake\Caffe2\public\"/>
		</Unit>
		<Unit filename="/home/luke/ethz/master/thesis/msc-lutobler-gpuless/src/../../../../../../../usr/lib64/cmake/Caffe2/public/protobuf.cmake">
			<Option virtualFolder="CMake Files\..\..\..\..\..\..\..\usr\lib64\cmake\Caffe2\public\"/>
		</Unit>
		<Unit filename="/home/luke/ethz/master/thesis/msc-lutobler-gpuless/src/../../../../../../../usr/lib64/cmake/Caffe2/public/threads.cmake">
			<Option virtualFolder="CMake Files\..\..\..\..\..\..\..\usr\lib64\cmake\Caffe2\public\"/>
		</Unit>
		<Unit filename="/home/luke/ethz/master/thesis/msc-lutobler-gpuless/src/../../../../../../../usr/lib64/cmake/Caffe2/public/utils.cmake">
			<Option virtualFolder="CMake Files\..\..\..\..\..\..\..\usr\lib64\cmake\Caffe2\public\"/>
		</Unit>
		<Unit filename="/home/luke/ethz/master/thesis/msc-lutobler-gpuless/src/../../../../../../../usr/lib64/cmake/Caffe2/Modules_CUDA_fix/FindCUDA.cmake">
			<Option virtualFolder="CMake Files\..\..\..\..\..\..\..\usr\lib64\cmake\Caffe2\Modules_CUDA_fix\"/>
		</Unit>
		<Unit filename="/home/luke/ethz/master/thesis/msc-lutobler-gpuless/src/../../../../../../../usr/lib64/cmake/Caffe2/Modules_CUDA_fix/FindCUDNN.cmake">
			<Option virtualFolder="CMake Files\..\..\..\..\..\..\..\usr\lib64\cmake\Caffe2\Modules_CUDA_fix\"/>
		</Unit>
		<Unit filename="/home/luke/ethz/master/thesis/msc-lutobler-gpuless/src/../../../../../../../usr/lib64/cmake/Caffe2/Modules_CUDA_fix/upstream/CMakeInitializeConfigs.cmake">
			<Option virtualFolder="CMake Files\..\..\..\..\..\..\..\usr\lib64\cmake\Caffe2\Modules_CUDA_fix\upstream\"/>
		</Unit>
		<Unit filename="/home/luke/ethz/master/thesis/msc-lutobler-gpuless/src/../../../../../../../usr/lib64/cmake/Caffe2/Modules_CUDA_fix/upstream/FindCUDA.cmake">
			<Option virtualFolder="CMake Files\..\..\..\..\..\..\..\usr\lib64\cmake\Caffe2\Modules_CUDA_fix\upstream\"/>
		</Unit>
		<Unit filename="/home/luke/ethz/master/thesis/msc-lutobler-gpuless/src/../../../../../../../usr/lib64/cmake/Caffe2/Modules_CUDA_fix/upstream/FindPackageHandleStandardArgs.cmake">
			<Option virtualFolder="CMake Files\..\..\..\..\..\..\..\usr\lib64\cmake\Caffe2\Modules_CUDA_fix\upstream\"/>
		</Unit>
		<Unit filename="/home/luke/ethz/master/thesis/msc-lutobler-gpuless/src/../../../../../../../usr/lib64/cmake/Caffe2/Modules_CUDA_fix/upstream/FindPackageMessage.cmake">
			<Option virtualFolder="CMake Files\..\..\..\..\..\..\..\usr\lib64\cmake\Caffe2\Modules_CUDA_fix\upstream\"/>
		</Unit>
		<Unit filename="/home/luke/ethz/master/thesis/msc-lutobler-gpuless/src/../../../../../../../usr/lib64/cmake/Caffe2/Modules_CUDA_fix/upstream/FindCUDA/select_compute_arch.cmake">
			<Option virtualFolder="CMake Files\..\..\..\..\..\..\..\usr\lib64\cmake\Caffe2\Modules_CUDA_fix\upstream\FindCUDA\"/>
		</Unit>
		<Unit filename="/home/luke/ethz/master/thesis/msc-lutobler-gpuless/src/../../../../../../../usr/lib64/cmake/gflags/gflags-config-version.cmake">
			<Option virtualFolder="CMake Files\..\..\..\..\..\..\..\usr\lib64\cmake\gflags\"/>
		</Unit>
		<Unit filename="/home/luke/ethz/master/thesis/msc-lutobler-gpuless/src/../../../../../../../usr/lib64/cmake/gflags/gflags-config.cmake">
			<Option virtualFolder="CMake Files\..\..\..\..\..\..\..\usr\lib64\cmake\gflags\"/>
		</Unit>
		<Unit filename="/home/luke/ethz/master/thesis/msc-lutobler-gpuless/src/../../../../../../../usr/lib64/cmake/gflags/gflags-nonamespace-targets-release.cmake">
			<Option virtualFolder="CMake Files\..\..\..\..\..\..\..\usr\lib64\cmake\gflags\"/>
		</Unit>
		<Unit filename="/home/luke/ethz/master/thesis/msc-lutobler-gpuless/src/../../../../../../../usr/lib64/cmake/gflags/gflags-nonamespace-targets.cmake">
			<Option virtualFolder="CMake Files\..\..\..\..\..\..\..\usr\lib64\cmake\gflags\"/>
		</Unit>
		<Unit filename="/home/luke/ethz/master/thesis/msc-lutobler-gpuless/src/../../../../../../../usr/lib64/cmake/glog/glog-config-version.cmake">
			<Option virtualFolder="CMake Files\..\..\..\..\..\..\..\usr\lib64\cmake\glog\"/>
		</Unit>
		<Unit filename="/home/luke/ethz/master/thesis/msc-lutobler-gpuless/src/../../../../../../../usr/lib64/cmake/glog/glog-config.cmake">
			<Option virtualFolder="CMake Files\..\..\..\..\..\..\..\usr\lib64\cmake\glog\"/>
		</Unit>
		<Unit filename="/home/luke/ethz/master/thesis/msc-lutobler-gpuless/src/../../../../../../../usr/lib64/cmake/glog/glog-modules.cmake">
			<Option virtualFolder="CMake Files\..\..\..\..\..\..\..\usr\lib64\cmake\glog\"/>
		</Unit>
		<Unit filename="/home/luke/ethz/master/thesis/msc-lutobler-gpuless/src/../../../../../../../usr/lib64/cmake/glog/glog-targets-noconfig.cmake">
			<Option virtualFolder="CMake Files\..\..\..\..\..\..\..\usr\lib64\cmake\glog\"/>
		</Unit>
		<Unit filename="/home/luke/ethz/master/thesis/msc-lutobler-gpuless/src/../../../../../../../usr/lib64/cmake/glog/glog-targets.cmake">
			<Option virtualFolder="CMake Files\..\..\..\..\..\..\..\usr\lib64\cmake\glog\"/>
		</Unit>
		<Unit filename="/home/luke/ethz/master/thesis/msc-lutobler-gpuless/src/../../../../../../../usr/lib64/cmake/mkldnn/mkldnn-config-version.cmake">
			<Option virtualFolder="CMake Files\..\..\..\..\..\..\..\usr\lib64\cmake\mkldnn\"/>
		</Unit>
		<Unit filename="/home/luke/ethz/master/thesis/msc-lutobler-gpuless/src/../../../../../../../usr/lib64/cmake/mkldnn/mkldnn-config.cmake">
			<Option virtualFolder="CMake Files\..\..\..\..\..\..\..\usr\lib64\cmake\mkldnn\"/>
		</Unit>
		<Unit filename="/home/luke/ethz/master/thesis/msc-lutobler-gpuless/src/../../../../../../../usr/lib64/cmake/mkldnn/mkldnn-targets-release.cmake">
			<Option virtualFolder="CMake Files\..\..\..\..\..\..\..\usr\lib64\cmake\mkldnn\"/>
		</Unit>
		<Unit filename="/home/luke/ethz/master/thesis/msc-lutobler-gpuless/src/../../../../../../../usr/lib64/cmake/mkldnn/mkldnn-targets.cmake">
			<Option virtualFolder="CMake Files\..\..\..\..\..\..\..\usr\lib64\cmake\mkldnn\"/>
		</Unit>
		<Unit filename="/home/luke/ethz/master/thesis/msc-lutobler-gpuless/src/../../../../../../../usr/lib64/cmake/opencv4/OpenCVConfig-version.cmake">
			<Option virtualFolder="CMake Files\..\..\..\..\..\..\..\usr\lib64\cmake\opencv4\"/>
		</Unit>
		<Unit filename="/home/luke/ethz/master/thesis/msc-lutobler-gpuless/src/../../../../../../../usr/lib64/cmake/opencv4/OpenCVConfig.cmake">
			<Option virtualFolder="CMake Files\..\..\..\..\..\..\..\usr\lib64\cmake\opencv4\"/>
		</Unit>
		<Unit filename="/home/luke/ethz/master/thesis/msc-lutobler-gpuless/src/../../../../../../../usr/lib64/cmake/opencv4/OpenCVModules-release.cmake">
			<Option virtualFolder="CMake Files\..\..\..\..\..\..\..\usr\lib64\cmake\opencv4\"/>
		</Unit>
		<Unit filename="/home/luke/ethz/master/thesis/msc-lutobler-gpuless/src/../../../../../../../usr/lib64/cmake/opencv4/OpenCVModules.cmake">
			<Option virtualFolder="CMake Files\..\..\..\..\..\..\..\usr\lib64\cmake\opencv4\"/>
		</Unit>
		<Unit filename="/home/luke/ethz/master/thesis/msc-lutobler-gpuless/src/cmake-build-debug/detect_cuda_compute_capabilities.cu">
			<Option virtualFolder="CMake Files\cmake-build-debug\"/>
		</Unit>
		<Unit filename="/home/luke/ethz/master/thesis/msc-lutobler-gpuless/src/cmake-build-debug/detect_cuda_version.cc">
			<Option virtualFolder="CMake Files\cmake-build-debug\"/>
		</Unit>
		<Unit filename="/home/luke/ethz/master/thesis/msc-lutobler-gpuless/src/benchmarks/resnet50/CMakeLists.txt">
			<Option virtualFolder="CMake Files\benchmarks\resnet50\"/>
		</Unit>
	</Project>
</CodeBlocks_project_file>
